// !$*UTF8*$!
{
	archiveVersion = 1;
	classes = {
	};
	objectVersion = 51;
	objects = {

/* Begin PBXBuildFile section */
		FA069434230EA29F00BAC336 /* WNAppDelegate.swift in Sources */ = {isa = PBXBuildFile; fileRef = FA069433230EA29F00BAC336 /* WNAppDelegate.swift */; };
		FA06943B230EA2A000BAC336 /* Assets.xcassets in Resources */ = {isa = PBXBuildFile; fileRef = FA06943A230EA2A000BAC336 /* Assets.xcassets */; };
		FA06943E230EA2A000BAC336 /* LaunchScreen.storyboard in Resources */ = {isa = PBXBuildFile; fileRef = FA06943C230EA2A000BAC336 /* LaunchScreen.storyboard */; };
		FA069449230EA2A000BAC336 /* weather_nowTests.swift in Sources */ = {isa = PBXBuildFile; fileRef = FA069448230EA2A000BAC336 /* weather_nowTests.swift */; };
		FA069454230EA2A000BAC336 /* weather_nowUITests.swift in Sources */ = {isa = PBXBuildFile; fileRef = FA069453230EA2A000BAC336 /* weather_nowUITests.swift */; };
		FA069469230EAC6F00BAC336 /* WNViewController.swift in Sources */ = {isa = PBXBuildFile; fileRef = FA069468230EAC6F00BAC336 /* WNViewController.swift */; };
		FA06946B230EAFC900BAC336 /* WNLocationProvider.swift in Sources */ = {isa = PBXBuildFile; fileRef = FA06946A230EAFC900BAC336 /* WNLocationProvider.swift */; };
		FA06946D230EB01E00BAC336 /* WNPredictionProvider.swift in Sources */ = {isa = PBXBuildFile; fileRef = FA06946C230EB01E00BAC336 /* WNPredictionProvider.swift */; };
		FA06946F230EB2BD00BAC336 /* HardwareLocationService.swift in Sources */ = {isa = PBXBuildFile; fileRef = FA06946E230EB2BD00BAC336 /* HardwareLocationService.swift */; };
		FA069471230EE50900BAC336 /* WNVisuallyLockable.swift in Sources */ = {isa = PBXBuildFile; fileRef = FA069470230EE50900BAC336 /* WNVisuallyLockable.swift */; };
		FA069474230F03AA00BAC336 /* DarkSkyWeather.swift in Sources */ = {isa = PBXBuildFile; fileRef = FA069473230F03AA00BAC336 /* DarkSkyWeather.swift */; };
		FA069478230F054A00BAC336 /* DarkSkyPrediction.swift in Sources */ = {isa = PBXBuildFile; fileRef = FA069477230F054A00BAC336 /* DarkSkyPrediction.swift */; };
		FA06947B230F081000BAC336 /* WNLocation.swift in Sources */ = {isa = PBXBuildFile; fileRef = FA06947A230F081000BAC336 /* WNLocation.swift */; };
		FAA73AD72313FD48003FA07C /* icon in Resources */ = {isa = PBXBuildFile; fileRef = FAA73AD62313FD47003FA07C /* icon */; };
		FAB1F53C2311B92700E26CD6 /* DarkSkyPredictionService.swift in Sources */ = {isa = PBXBuildFile; fileRef = FAB1F53B2311B92700E26CD6 /* DarkSkyPredictionService.swift */; };
		FAB1F5432311BDB300E26CD6 /* CLLocationCoordinate2D+WNLocation.swift in Sources */ = {isa = PBXBuildFile; fileRef = FAB1F5422311BDB300E26CD6 /* CLLocationCoordinate2D+WNLocation.swift */; };
		FAB1F5462311C12C00E26CD6 /* WNPredictionModel.swift in Sources */ = {isa = PBXBuildFile; fileRef = FAB1F5452311C12C00E26CD6 /* WNPredictionModel.swift */; };
		FAB1F5482311C38900E26CD6 /* WNPrediction.swift in Sources */ = {isa = PBXBuildFile; fileRef = FAB1F5472311C38900E26CD6 /* WNPrediction.swift */; };
		FAB1F54D2311C9ED00E26CD6 /* HardwareLocationService+WNLocationProvider.swift in Sources */ = {isa = PBXBuildFile; fileRef = FAB1F54C2311C9ED00E26CD6 /* HardwareLocationService+WNLocationProvider.swift */; };
		FAB1F54F2311CA4C00E26CD6 /* DarkSkyPredictionService+WNPredictionProvider.swift in Sources */ = {isa = PBXBuildFile; fileRef = FAB1F54E2311CA4C00E26CD6 /* DarkSkyPredictionService+WNPredictionProvider.swift */; };
		FAB1F55123130EDD00E26CD6 /* DarkSkyPrediction+WNPrediction.swift in Sources */ = {isa = PBXBuildFile; fileRef = FAB1F55023130EDD00E26CD6 /* DarkSkyPrediction+WNPrediction.swift */; };
		FAB1F5542313454200E26CD6 /* default.xcconfig in Resources */ = {isa = PBXBuildFile; fileRef = FAB1F5532313454100E26CD6 /* default.xcconfig */; };
/* End PBXBuildFile section */

/* Begin PBXContainerItemProxy section */
		FA069445230EA2A000BAC336 /* PBXContainerItemProxy */ = {
			isa = PBXContainerItemProxy;
			containerPortal = FA069428230EA29F00BAC336 /* Project object */;
			proxyType = 1;
			remoteGlobalIDString = FA06942F230EA29F00BAC336;
			remoteInfo = "weather-now";
		};
		FA069450230EA2A000BAC336 /* PBXContainerItemProxy */ = {
			isa = PBXContainerItemProxy;
			containerPortal = FA069428230EA29F00BAC336 /* Project object */;
			proxyType = 1;
			remoteGlobalIDString = FA06942F230EA29F00BAC336;
			remoteInfo = "weather-now";
		};
/* End PBXContainerItemProxy section */

/* Begin PBXFileReference section */
		FA069430230EA29F00BAC336 /* weather-now.app */ = {isa = PBXFileReference; explicitFileType = wrapper.application; includeInIndex = 0; path = "weather-now.app"; sourceTree = BUILT_PRODUCTS_DIR; };
		FA069433230EA29F00BAC336 /* WNAppDelegate.swift */ = {isa = PBXFileReference; lastKnownFileType = sourcecode.swift; path = WNAppDelegate.swift; sourceTree = "<group>"; };
		FA06943A230EA2A000BAC336 /* Assets.xcassets */ = {isa = PBXFileReference; lastKnownFileType = folder.assetcatalog; path = Assets.xcassets; sourceTree = "<group>"; };
		FA06943D230EA2A000BAC336 /* Base */ = {isa = PBXFileReference; lastKnownFileType = file.storyboard; name = Base; path = Base.lproj/LaunchScreen.storyboard; sourceTree = "<group>"; };
		FA06943F230EA2A000BAC336 /* Info.plist */ = {isa = PBXFileReference; lastKnownFileType = text.plist.xml; path = Info.plist; sourceTree = "<group>"; };
		FA069444230EA2A000BAC336 /* weather-nowTests.xctest */ = {isa = PBXFileReference; explicitFileType = wrapper.cfbundle; includeInIndex = 0; path = "weather-nowTests.xctest"; sourceTree = BUILT_PRODUCTS_DIR; };
		FA069448230EA2A000BAC336 /* weather_nowTests.swift */ = {isa = PBXFileReference; lastKnownFileType = sourcecode.swift; path = weather_nowTests.swift; sourceTree = "<group>"; };
		FA06944A230EA2A000BAC336 /* Info.plist */ = {isa = PBXFileReference; lastKnownFileType = text.plist.xml; path = Info.plist; sourceTree = "<group>"; };
		FA06944F230EA2A000BAC336 /* weather-nowUITests.xctest */ = {isa = PBXFileReference; explicitFileType = wrapper.cfbundle; includeInIndex = 0; path = "weather-nowUITests.xctest"; sourceTree = BUILT_PRODUCTS_DIR; };
		FA069453230EA2A000BAC336 /* weather_nowUITests.swift */ = {isa = PBXFileReference; lastKnownFileType = sourcecode.swift; path = weather_nowUITests.swift; sourceTree = "<group>"; };
		FA069455230EA2A000BAC336 /* Info.plist */ = {isa = PBXFileReference; lastKnownFileType = text.plist.xml; path = Info.plist; sourceTree = "<group>"; };
		FA069468230EAC6F00BAC336 /* WNViewController.swift */ = {isa = PBXFileReference; lastKnownFileType = sourcecode.swift; path = WNViewController.swift; sourceTree = "<group>"; };
		FA06946A230EAFC900BAC336 /* WNLocationProvider.swift */ = {isa = PBXFileReference; lastKnownFileType = sourcecode.swift; path = WNLocationProvider.swift; sourceTree = "<group>"; };
		FA06946C230EB01E00BAC336 /* WNPredictionProvider.swift */ = {isa = PBXFileReference; lastKnownFileType = sourcecode.swift; path = WNPredictionProvider.swift; sourceTree = "<group>"; };
		FA06946E230EB2BD00BAC336 /* HardwareLocationService.swift */ = {isa = PBXFileReference; lastKnownFileType = sourcecode.swift; path = HardwareLocationService.swift; sourceTree = "<group>"; };
		FA069470230EE50900BAC336 /* WNVisuallyLockable.swift */ = {isa = PBXFileReference; lastKnownFileType = sourcecode.swift; path = WNVisuallyLockable.swift; sourceTree = "<group>"; };
		FA069473230F03AA00BAC336 /* DarkSkyWeather.swift */ = {isa = PBXFileReference; lastKnownFileType = sourcecode.swift; path = DarkSkyWeather.swift; sourceTree = "<group>"; };
		FA069477230F054A00BAC336 /* DarkSkyPrediction.swift */ = {isa = PBXFileReference; lastKnownFileType = sourcecode.swift; path = DarkSkyPrediction.swift; sourceTree = "<group>"; };
		FA06947A230F081000BAC336 /* WNLocation.swift */ = {isa = PBXFileReference; lastKnownFileType = sourcecode.swift; path = WNLocation.swift; sourceTree = "<group>"; };
		FAA73AD62313FD47003FA07C /* icon */ = {isa = PBXFileReference; lastKnownFileType = folder; path = icon; sourceTree = "<group>"; };
		FAB1F53B2311B92700E26CD6 /* DarkSkyPredictionService.swift */ = {isa = PBXFileReference; lastKnownFileType = sourcecode.swift; path = DarkSkyPredictionService.swift; sourceTree = "<group>"; };
		FAB1F5422311BDB300E26CD6 /* CLLocationCoordinate2D+WNLocation.swift */ = {isa = PBXFileReference; lastKnownFileType = sourcecode.swift; path = "CLLocationCoordinate2D+WNLocation.swift"; sourceTree = "<group>"; };
		FAB1F5452311C12C00E26CD6 /* WNPredictionModel.swift */ = {isa = PBXFileReference; lastKnownFileType = sourcecode.swift; path = WNPredictionModel.swift; sourceTree = "<group>"; };
		FAB1F5472311C38900E26CD6 /* WNPrediction.swift */ = {isa = PBXFileReference; lastKnownFileType = sourcecode.swift; path = WNPrediction.swift; sourceTree = "<group>"; };
		FAB1F54C2311C9ED00E26CD6 /* HardwareLocationService+WNLocationProvider.swift */ = {isa = PBXFileReference; lastKnownFileType = sourcecode.swift; path = "HardwareLocationService+WNLocationProvider.swift"; sourceTree = "<group>"; };
		FAB1F54E2311CA4C00E26CD6 /* DarkSkyPredictionService+WNPredictionProvider.swift */ = {isa = PBXFileReference; lastKnownFileType = sourcecode.swift; path = "DarkSkyPredictionService+WNPredictionProvider.swift"; sourceTree = "<group>"; };
		FAB1F55023130EDD00E26CD6 /* DarkSkyPrediction+WNPrediction.swift */ = {isa = PBXFileReference; lastKnownFileType = sourcecode.swift; path = "DarkSkyPrediction+WNPrediction.swift"; sourceTree = "<group>"; };
		FAB1F5532313454100E26CD6 /* default.xcconfig */ = {isa = PBXFileReference; fileEncoding = 4; lastKnownFileType = text.xcconfig; path = default.xcconfig; sourceTree = "<group>"; };
/* End PBXFileReference section */

/* Begin PBXFrameworksBuildPhase section */
		FA06942D230EA29F00BAC336 /* Frameworks */ = {
			isa = PBXFrameworksBuildPhase;
			buildActionMask = 2147483647;
			files = (
			);
			runOnlyForDeploymentPostprocessing = 0;
		};
		FA069441230EA2A000BAC336 /* Frameworks */ = {
			isa = PBXFrameworksBuildPhase;
			buildActionMask = 2147483647;
			files = (
			);
			runOnlyForDeploymentPostprocessing = 0;
		};
		FA06944C230EA2A000BAC336 /* Frameworks */ = {
			isa = PBXFrameworksBuildPhase;
			buildActionMask = 2147483647;
			files = (
			);
			runOnlyForDeploymentPostprocessing = 0;
		};
/* End PBXFrameworksBuildPhase section */

/* Begin PBXGroup section */
		FA069427230EA29F00BAC336 = {
			isa = PBXGroup;
			children = (
				FA069432230EA29F00BAC336 /* weather-now */,
				FA069447230EA2A000BAC336 /* weather-nowTests */,
				FA069452230EA2A000BAC336 /* weather-nowUITests */,
				FA069431230EA29F00BAC336 /* Products */,
			);
			sourceTree = "<group>";
		};
		FA069431230EA29F00BAC336 /* Products */ = {
			isa = PBXGroup;
			children = (
				FA069430230EA29F00BAC336 /* weather-now.app */,
				FA069444230EA2A000BAC336 /* weather-nowTests.xctest */,
				FA06944F230EA2A000BAC336 /* weather-nowUITests.xctest */,
			);
			name = Products;
			sourceTree = "<group>";
		};
		FA069432230EA29F00BAC336 /* weather-now */ = {
			isa = PBXGroup;
			children = (
				FA069464230EA64500BAC336 /* app */,
				FAB1F5492311C69000E26CD6 /* conformance */,
				FA069462230EA62C00BAC336 /* domains */,
			);
			path = "weather-now";
			sourceTree = "<group>";
		};
		FA069447230EA2A000BAC336 /* weather-nowTests */ = {
			isa = PBXGroup;
			children = (
				FA069448230EA2A000BAC336 /* weather_nowTests.swift */,
				FA06944A230EA2A000BAC336 /* Info.plist */,
			);
			path = "weather-nowTests";
			sourceTree = "<group>";
		};
		FA069452230EA2A000BAC336 /* weather-nowUITests */ = {
			isa = PBXGroup;
			children = (
				FA069453230EA2A000BAC336 /* weather_nowUITests.swift */,
				FA069455230EA2A000BAC336 /* Info.plist */,
			);
			path = "weather-nowUITests";
			sourceTree = "<group>";
		};
		FA069462230EA62C00BAC336 /* domains */ = {
			isa = PBXGroup;
			children = (
				FA069467230EA9FA00BAC336 /* hardware */,
				FA069466230EA9E800BAC336 /* dark-sky */,
			);
			path = domains;
			sourceTree = "<group>";
		};
		FA069463230EA63700BAC336 /* protocols */ = {
			isa = PBXGroup;
			children = (
				FAB1F5412311BC5900E26CD6 /* model */,
				FAB1F53E2311BB8C00E26CD6 /* ui */,
				FAB1F53D2311BB8200E26CD6 /* api */,
			);
			path = protocols;
			sourceTree = "<group>";
		};
		FA069464230EA64500BAC336 /* app */ = {
			isa = PBXGroup;
			children = (
				FAB1F53F2311BBBC00E26CD6 /* essentials */,
				FAB1F5442311C0F700E26CD6 /* model */,
				FAB1F5402311BBE500E26CD6 /* ui */,
				FA069463230EA63700BAC336 /* protocols */,
			);
			path = app;
			sourceTree = "<group>";
		};
		FA069466230EA9E800BAC336 /* dark-sky */ = {
			isa = PBXGroup;
			children = (
				FAB1F53B2311B92700E26CD6 /* DarkSkyPredictionService.swift */,
				FA069477230F054A00BAC336 /* DarkSkyPrediction.swift */,
				FA069473230F03AA00BAC336 /* DarkSkyWeather.swift */,
			);
			path = "dark-sky";
			sourceTree = "<group>";
		};
		FA069467230EA9FA00BAC336 /* hardware */ = {
			isa = PBXGroup;
			children = (
				FA06946E230EB2BD00BAC336 /* HardwareLocationService.swift */,
			);
			path = hardware;
			sourceTree = "<group>";
		};
		FAA73AD52313FC87003FA07C /* res */ = {
			isa = PBXGroup;
			children = (
				FAA73AD62313FD47003FA07C /* icon */,
			);
			path = res;
			sourceTree = "<group>";
		};
		FAB1F53D2311BB8200E26CD6 /* api */ = {
			isa = PBXGroup;
			children = (
				FA06946A230EAFC900BAC336 /* WNLocationProvider.swift */,
				FA06946C230EB01E00BAC336 /* WNPredictionProvider.swift */,
			);
			path = api;
			sourceTree = "<group>";
		};
		FAB1F53E2311BB8C00E26CD6 /* ui */ = {
			isa = PBXGroup;
			children = (
				FA069470230EE50900BAC336 /* WNVisuallyLockable.swift */,
			);
			path = ui;
			sourceTree = "<group>";
		};
		FAB1F53F2311BBBC00E26CD6 /* essentials */ = {
			isa = PBXGroup;
			children = (
				FAA73AD52313FC87003FA07C /* res */,
				FAB1F5522313451D00E26CD6 /* config */,
				FA069433230EA29F00BAC336 /* WNAppDelegate.swift */,
				FA06943F230EA2A000BAC336 /* Info.plist */,
				FA06943A230EA2A000BAC336 /* Assets.xcassets */,
				FA06943C230EA2A000BAC336 /* LaunchScreen.storyboard */,
			);
			path = essentials;
			sourceTree = "<group>";
		};
		FAB1F5402311BBE500E26CD6 /* ui */ = {
			isa = PBXGroup;
			children = (
				FA069468230EAC6F00BAC336 /* WNViewController.swift */,
			);
			path = ui;
			sourceTree = "<group>";
		};
		FAB1F5412311BC5900E26CD6 /* model */ = {
			isa = PBXGroup;
			children = (
				FA06947A230F081000BAC336 /* WNLocation.swift */,
				FAB1F5472311C38900E26CD6 /* WNPrediction.swift */,
			);
			path = model;
			sourceTree = "<group>";
		};
		FAB1F5442311C0F700E26CD6 /* model */ = {
			isa = PBXGroup;
			children = (
				FAB1F5452311C12C00E26CD6 /* WNPredictionModel.swift */,
			);
			path = model;
			sourceTree = "<group>";
		};
		FAB1F5492311C69000E26CD6 /* conformance */ = {
			isa = PBXGroup;
			children = (
				FAB1F54A2311C6CC00E26CD6 /* location */,
				FAB1F54B2311C6D400E26CD6 /* prediction */,
			);
			path = conformance;
			sourceTree = "<group>";
		};
		FAB1F54A2311C6CC00E26CD6 /* location */ = {
			isa = PBXGroup;
			children = (
				FAB1F54C2311C9ED00E26CD6 /* HardwareLocationService+WNLocationProvider.swift */,
				FAB1F5422311BDB300E26CD6 /* CLLocationCoordinate2D+WNLocation.swift */,
			);
			path = location;
			sourceTree = "<group>";
		};
		FAB1F54B2311C6D400E26CD6 /* prediction */ = {
			isa = PBXGroup;
			children = (
				FAB1F54E2311CA4C00E26CD6 /* DarkSkyPredictionService+WNPredictionProvider.swift */,
				FAB1F55023130EDD00E26CD6 /* DarkSkyPrediction+WNPrediction.swift */,
			);
			path = prediction;
			sourceTree = "<group>";
		};
		FAB1F5522313451D00E26CD6 /* config */ = {
			isa = PBXGroup;
			children = (
				FAB1F5532313454100E26CD6 /* default.xcconfig */,
			);
			path = config;
			sourceTree = "<group>";
		};
/* End PBXGroup section */

/* Begin PBXNativeTarget section */
		FA06942F230EA29F00BAC336 /* weather-now */ = {
			isa = PBXNativeTarget;
			buildConfigurationList = FA069458230EA2A000BAC336 /* Build configuration list for PBXNativeTarget "weather-now" */;
			buildPhases = (
				FA06942C230EA29F00BAC336 /* Sources */,
				FA06942D230EA29F00BAC336 /* Frameworks */,
				FA06942E230EA29F00BAC336 /* Resources */,
			);
			buildRules = (
			);
			dependencies = (
			);
			name = "weather-now";
			productName = "weather-now";
			productReference = FA069430230EA29F00BAC336 /* weather-now.app */;
			productType = "com.apple.product-type.application";
		};
		FA069443230EA2A000BAC336 /* weather-nowTests */ = {
			isa = PBXNativeTarget;
			buildConfigurationList = FA06945B230EA2A000BAC336 /* Build configuration list for PBXNativeTarget "weather-nowTests" */;
			buildPhases = (
				FA069440230EA2A000BAC336 /* Sources */,
				FA069441230EA2A000BAC336 /* Frameworks */,
				FA069442230EA2A000BAC336 /* Resources */,
			);
			buildRules = (
			);
			dependencies = (
				FA069446230EA2A000BAC336 /* PBXTargetDependency */,
			);
			name = "weather-nowTests";
			productName = "weather-nowTests";
			productReference = FA069444230EA2A000BAC336 /* weather-nowTests.xctest */;
			productType = "com.apple.product-type.bundle.unit-test";
		};
		FA06944E230EA2A000BAC336 /* weather-nowUITests */ = {
			isa = PBXNativeTarget;
			buildConfigurationList = FA06945E230EA2A000BAC336 /* Build configuration list for PBXNativeTarget "weather-nowUITests" */;
			buildPhases = (
				FA06944B230EA2A000BAC336 /* Sources */,
				FA06944C230EA2A000BAC336 /* Frameworks */,
				FA06944D230EA2A000BAC336 /* Resources */,
			);
			buildRules = (
			);
			dependencies = (
				FA069451230EA2A000BAC336 /* PBXTargetDependency */,
			);
			name = "weather-nowUITests";
			productName = "weather-nowUITests";
			productReference = FA06944F230EA2A000BAC336 /* weather-nowUITests.xctest */;
			productType = "com.apple.product-type.bundle.ui-testing";
		};
/* End PBXNativeTarget section */

/* Begin PBXProject section */
		FA069428230EA29F00BAC336 /* Project object */ = {
			isa = PBXProject;
			attributes = {
				CLASSPREFIX = WN;
				LastSwiftUpdateCheck = 1030;
				LastUpgradeCheck = 1030;
				ORGANIZATIONNAME = "Vitalii Kuznetsov";
				TargetAttributes = {
					FA06942F230EA29F00BAC336 = {
						CreatedOnToolsVersion = 10.3;
					};
					FA069443230EA2A000BAC336 = {
						CreatedOnToolsVersion = 10.3;
						TestTargetID = FA06942F230EA29F00BAC336;
					};
					FA06944E230EA2A000BAC336 = {
						CreatedOnToolsVersion = 10.3;
						TestTargetID = FA06942F230EA29F00BAC336;
					};
				};
			};
			buildConfigurationList = FA06942B230EA29F00BAC336 /* Build configuration list for PBXProject "weather-now" */;
			compatibilityVersion = "Xcode 10.0";
			developmentRegion = en;
			hasScannedForEncodings = 0;
			knownRegions = (
				en,
				Base,
			);
			mainGroup = FA069427230EA29F00BAC336;
			productRefGroup = FA069431230EA29F00BAC336 /* Products */;
			projectDirPath = "";
			projectRoot = "";
			targets = (
				FA06942F230EA29F00BAC336 /* weather-now */,
				FA069443230EA2A000BAC336 /* weather-nowTests */,
				FA06944E230EA2A000BAC336 /* weather-nowUITests */,
			);
		};
/* End PBXProject section */

/* Begin PBXResourcesBuildPhase section */
		FA06942E230EA29F00BAC336 /* Resources */ = {
			isa = PBXResourcesBuildPhase;
			buildActionMask = 2147483647;
			files = (
				FA06943E230EA2A000BAC336 /* LaunchScreen.storyboard in Resources */,
				FAA73AD72313FD48003FA07C /* icon in Resources */,
				FAB1F5542313454200E26CD6 /* default.xcconfig in Resources */,
				FA06943B230EA2A000BAC336 /* Assets.xcassets in Resources */,
			);
			runOnlyForDeploymentPostprocessing = 0;
		};
		FA069442230EA2A000BAC336 /* Resources */ = {
			isa = PBXResourcesBuildPhase;
			buildActionMask = 2147483647;
			files = (
			);
			runOnlyForDeploymentPostprocessing = 0;
		};
		FA06944D230EA2A000BAC336 /* Resources */ = {
			isa = PBXResourcesBuildPhase;
			buildActionMask = 2147483647;
			files = (
			);
			runOnlyForDeploymentPostprocessing = 0;
		};
/* End PBXResourcesBuildPhase section */

/* Begin PBXSourcesBuildPhase section */
		FA06942C230EA29F00BAC336 /* Sources */ = {
			isa = PBXSourcesBuildPhase;
			buildActionMask = 2147483647;
			files = (
				FA069471230EE50900BAC336 /* WNVisuallyLockable.swift in Sources */,
				FA069478230F054A00BAC336 /* DarkSkyPrediction.swift in Sources */,
				FA06946F230EB2BD00BAC336 /* HardwareLocationService.swift in Sources */,
				FAB1F54D2311C9ED00E26CD6 /* HardwareLocationService+WNLocationProvider.swift in Sources */,
				FAB1F53C2311B92700E26CD6 /* DarkSkyPredictionService.swift in Sources */,
				FA069434230EA29F00BAC336 /* WNAppDelegate.swift in Sources */,
				FAB1F5462311C12C00E26CD6 /* WNPredictionModel.swift in Sources */,
				FA069474230F03AA00BAC336 /* DarkSkyWeather.swift in Sources */,
				FAB1F54F2311CA4C00E26CD6 /* DarkSkyPredictionService+WNPredictionProvider.swift in Sources */,
				FA06946B230EAFC900BAC336 /* WNLocationProvider.swift in Sources */,
				FA06946D230EB01E00BAC336 /* WNPredictionProvider.swift in Sources */,
				FA069469230EAC6F00BAC336 /* WNViewController.swift in Sources */,
				FAB1F55123130EDD00E26CD6 /* DarkSkyPrediction+WNPrediction.swift in Sources */,
				FA06947B230F081000BAC336 /* WNLocation.swift in Sources */,
				FAB1F5482311C38900E26CD6 /* WNPrediction.swift in Sources */,
				FAB1F5432311BDB300E26CD6 /* CLLocationCoordinate2D+WNLocation.swift in Sources */,
			);
			runOnlyForDeploymentPostprocessing = 0;
		};
		FA069440230EA2A000BAC336 /* Sources */ = {
			isa = PBXSourcesBuildPhase;
			buildActionMask = 2147483647;
			files = (
				FA069449230EA2A000BAC336 /* weather_nowTests.swift in Sources */,
			);
			runOnlyForDeploymentPostprocessing = 0;
		};
		FA06944B230EA2A000BAC336 /* Sources */ = {
			isa = PBXSourcesBuildPhase;
			buildActionMask = 2147483647;
			files = (
				FA069454230EA2A000BAC336 /* weather_nowUITests.swift in Sources */,
			);
			runOnlyForDeploymentPostprocessing = 0;
		};
/* End PBXSourcesBuildPhase section */

/* Begin PBXTargetDependency section */
		FA069446230EA2A000BAC336 /* PBXTargetDependency */ = {
			isa = PBXTargetDependency;
			target = FA06942F230EA29F00BAC336 /* weather-now */;
			targetProxy = FA069445230EA2A000BAC336 /* PBXContainerItemProxy */;
		};
		FA069451230EA2A000BAC336 /* PBXTargetDependency */ = {
			isa = PBXTargetDependency;
			target = FA06942F230EA29F00BAC336 /* weather-now */;
			targetProxy = FA069450230EA2A000BAC336 /* PBXContainerItemProxy */;
		};
/* End PBXTargetDependency section */

/* Begin PBXVariantGroup section */
		FA06943C230EA2A000BAC336 /* LaunchScreen.storyboard */ = {
			isa = PBXVariantGroup;
			children = (
				FA06943D230EA2A000BAC336 /* Base */,
			);
			name = LaunchScreen.storyboard;
			sourceTree = "<group>";
		};
/* End PBXVariantGroup section */

/* Begin XCBuildConfiguration section */
		FA069456230EA2A000BAC336 /* Debug */ = {
			isa = XCBuildConfiguration;
			baseConfigurationReference = FAB1F5532313454100E26CD6 /* default.xcconfig */;
			buildSettings = {
				ALWAYS_SEARCH_USER_PATHS = NO;
				CLANG_ANALYZER_NONNULL = YES;
				CLANG_ANALYZER_NUMBER_OBJECT_CONVERSION = YES_AGGRESSIVE;
				CLANG_CXX_LANGUAGE_STANDARD = "gnu++14";
				CLANG_CXX_LIBRARY = "libc++";
				CLANG_ENABLE_MODULES = YES;
				CLANG_ENABLE_OBJC_ARC = YES;
				CLANG_ENABLE_OBJC_WEAK = YES;
				CLANG_WARN_BLOCK_CAPTURE_AUTORELEASING = YES;
				CLANG_WARN_BOOL_CONVERSION = YES;
				CLANG_WARN_COMMA = YES;
				CLANG_WARN_CONSTANT_CONVERSION = YES;
				CLANG_WARN_DEPRECATED_OBJC_IMPLEMENTATIONS = YES;
				CLANG_WARN_DIRECT_OBJC_ISA_USAGE = YES_ERROR;
				CLANG_WARN_DOCUMENTATION_COMMENTS = YES;
				CLANG_WARN_EMPTY_BODY = YES;
				CLANG_WARN_ENUM_CONVERSION = YES;
				CLANG_WARN_INFINITE_RECURSION = YES;
				CLANG_WARN_INT_CONVERSION = YES;
				CLANG_WARN_NON_LITERAL_NULL_CONVERSION = YES;
				CLANG_WARN_OBJC_IMPLICIT_RETAIN_SELF = YES;
				CLANG_WARN_OBJC_LITERAL_CONVERSION = YES;
				CLANG_WARN_OBJC_ROOT_CLASS = YES_ERROR;
				CLANG_WARN_RANGE_LOOP_ANALYSIS = YES;
				CLANG_WARN_STRICT_PROTOTYPES = YES;
				CLANG_WARN_SUSPICIOUS_MOVE = YES;
				CLANG_WARN_UNGUARDED_AVAILABILITY = YES_AGGRESSIVE;
				CLANG_WARN_UNREACHABLE_CODE = YES;
				CLANG_WARN__DUPLICATE_METHOD_MATCH = YES;
				CODE_SIGN_IDENTITY = "iPhone Developer";
				COPY_PHASE_STRIP = NO;
				DEBUG_INFORMATION_FORMAT = dwarf;
				ENABLE_STRICT_OBJC_MSGSEND = YES;
				ENABLE_TESTABILITY = YES;
				GCC_C_LANGUAGE_STANDARD = gnu11;
				GCC_DYNAMIC_NO_PIC = NO;
				GCC_NO_COMMON_BLOCKS = YES;
				GCC_OPTIMIZATION_LEVEL = 0;
				GCC_PREPROCESSOR_DEFINITIONS = (
					"DEBUG=1",
					"$(inherited)",
				);
				GCC_WARN_64_TO_32_BIT_CONVERSION = YES;
				GCC_WARN_ABOUT_RETURN_TYPE = YES_ERROR;
				GCC_WARN_UNDECLARED_SELECTOR = YES;
				GCC_WARN_UNINITIALIZED_AUTOS = YES_AGGRESSIVE;
				GCC_WARN_UNUSED_FUNCTION = YES;
				GCC_WARN_UNUSED_VARIABLE = YES;
				IPHONEOS_DEPLOYMENT_TARGET = 11.0;
				MTL_ENABLE_DEBUG_INFO = INCLUDE_SOURCE;
				MTL_FAST_MATH = YES;
				ONLY_ACTIVE_ARCH = YES;
				SDKROOT = iphoneos;
				SWIFT_ACTIVE_COMPILATION_CONDITIONS = DEBUG;
				SWIFT_OPTIMIZATION_LEVEL = "-Onone";
				SWIFT_VERSION = 5.0;
				VERSIONING_SYSTEM = "apple-generic";
			};
			name = Debug;
		};
		FA069457230EA2A000BAC336 /* Release */ = {
			isa = XCBuildConfiguration;
			baseConfigurationReference = FAB1F5532313454100E26CD6 /* default.xcconfig */;
			buildSettings = {
				ALWAYS_SEARCH_USER_PATHS = NO;
				CLANG_ANALYZER_NONNULL = YES;
				CLANG_ANALYZER_NUMBER_OBJECT_CONVERSION = YES_AGGRESSIVE;
				CLANG_CXX_LANGUAGE_STANDARD = "gnu++14";
				CLANG_CXX_LIBRARY = "libc++";
				CLANG_ENABLE_MODULES = YES;
				CLANG_ENABLE_OBJC_ARC = YES;
				CLANG_ENABLE_OBJC_WEAK = YES;
				CLANG_WARN_BLOCK_CAPTURE_AUTORELEASING = YES;
				CLANG_WARN_BOOL_CONVERSION = YES;
				CLANG_WARN_COMMA = YES;
				CLANG_WARN_CONSTANT_CONVERSION = YES;
				CLANG_WARN_DEPRECATED_OBJC_IMPLEMENTATIONS = YES;
				CLANG_WARN_DIRECT_OBJC_ISA_USAGE = YES_ERROR;
				CLANG_WARN_DOCUMENTATION_COMMENTS = YES;
				CLANG_WARN_EMPTY_BODY = YES;
				CLANG_WARN_ENUM_CONVERSION = YES;
				CLANG_WARN_INFINITE_RECURSION = YES;
				CLANG_WARN_INT_CONVERSION = YES;
				CLANG_WARN_NON_LITERAL_NULL_CONVERSION = YES;
				CLANG_WARN_OBJC_IMPLICIT_RETAIN_SELF = YES;
				CLANG_WARN_OBJC_LITERAL_CONVERSION = YES;
				CLANG_WARN_OBJC_ROOT_CLASS = YES_ERROR;
				CLANG_WARN_RANGE_LOOP_ANALYSIS = YES;
				CLANG_WARN_STRICT_PROTOTYPES = YES;
				CLANG_WARN_SUSPICIOUS_MOVE = YES;
				CLANG_WARN_UNGUARDED_AVAILABILITY = YES_AGGRESSIVE;
				CLANG_WARN_UNREACHABLE_CODE = YES;
				CLANG_WARN__DUPLICATE_METHOD_MATCH = YES;
				CODE_SIGN_IDENTITY = "iPhone Developer";
				COPY_PHASE_STRIP = NO;
				DEBUG_INFORMATION_FORMAT = "dwarf-with-dsym";
				ENABLE_NS_ASSERTIONS = NO;
				ENABLE_STRICT_OBJC_MSGSEND = YES;
				GCC_C_LANGUAGE_STANDARD = gnu11;
				GCC_NO_COMMON_BLOCKS = YES;
				GCC_WARN_64_TO_32_BIT_CONVERSION = YES;
				GCC_WARN_ABOUT_RETURN_TYPE = YES_ERROR;
				GCC_WARN_UNDECLARED_SELECTOR = YES;
				GCC_WARN_UNINITIALIZED_AUTOS = YES_AGGRESSIVE;
				GCC_WARN_UNUSED_FUNCTION = YES;
				GCC_WARN_UNUSED_VARIABLE = YES;
				IPHONEOS_DEPLOYMENT_TARGET = 11.0;
				MTL_ENABLE_DEBUG_INFO = NO;
				MTL_FAST_MATH = YES;
				SDKROOT = iphoneos;
				SWIFT_COMPILATION_MODE = wholemodule;
				SWIFT_OPTIMIZATION_LEVEL = "-O";
				SWIFT_VERSION = 5.0;
				VALIDATE_PRODUCT = YES;
				VERSIONING_SYSTEM = "apple-generic";
			};
			name = Release;
		};
		FA069459230EA2A000BAC336 /* Debug */ = {
			isa = XCBuildConfiguration;
			buildSettings = {
				ASSETCATALOG_COMPILER_APPICON_NAME = AppIcon;
				CODE_SIGN_STYLE = Automatic;
				DEVELOPMENT_TEAM = 72U4LHPYPZ;
				INFOPLIST_FILE = "$(SRCROOT)/weather-now/app/essentials/Info.plist";
				IPHONEOS_DEPLOYMENT_TARGET = 11.0;
				LD_RUNPATH_SEARCH_PATHS = (
					"$(inherited)",
					"@executable_path/Frameworks",
				);
				PRODUCT_BUNDLE_IDENTIFIER = "com.vitaliikuznetsov.weather-now";
				PRODUCT_NAME = "$(TARGET_NAME)";
				SWIFT_VERSION = 5.0;
				TARGETED_DEVICE_FAMILY = 1;
			};
			name = Debug;
		};
		FA06945A230EA2A000BAC336 /* Release */ = {
			isa = XCBuildConfiguration;
			buildSettings = {
				ASSETCATALOG_COMPILER_APPICON_NAME = AppIcon;
				CODE_SIGN_STYLE = Automatic;
				DEVELOPMENT_TEAM = 72U4LHPYPZ;
				INFOPLIST_FILE = "$(SRCROOT)/weather-now/app/essentials/Info.plist";
				IPHONEOS_DEPLOYMENT_TARGET = 11.0;
				LD_RUNPATH_SEARCH_PATHS = (
					"$(inherited)",
					"@executable_path/Frameworks",
				);
				PRODUCT_BUNDLE_IDENTIFIER = "com.vitaliikuznetsov.weather-now";
				PRODUCT_NAME = "$(TARGET_NAME)";
				SWIFT_VERSION = 5.0;
				TARGETED_DEVICE_FAMILY = 1;
			};
			name = Release;
		};
		FA06945C230EA2A000BAC336 /* Debug */ = {
			isa = XCBuildConfiguration;
			buildSettings = {
				ALWAYS_EMBED_SWIFT_STANDARD_LIBRARIES = YES;
				BUNDLE_LOADER = "$(TEST_HOST)";
				CODE_SIGN_STYLE = Automatic;
				DEVELOPMENT_TEAM = 72U4LHPYPZ;
				INFOPLIST_FILE = "weather-nowTests/Info.plist";
				LD_RUNPATH_SEARCH_PATHS = (
					"$(inherited)",
					"@executable_path/Frameworks",
					"@loader_path/Frameworks",
				);
				PRODUCT_BUNDLE_IDENTIFIER = "com.vitaliikuznetsov.weather-nowTests";
				PRODUCT_NAME = "$(TARGET_NAME)";
				SWIFT_VERSION = 5.0;
				TARGETED_DEVICE_FAMILY = "1,2";
				TEST_HOST = "$(BUILT_PRODUCTS_DIR)/weather-now.app/weather-now";
			};
			name = Debug;
		};
		FA06945D230EA2A000BAC336 /* Release */ = {
			isa = XCBuildConfiguration;
			buildSettings = {
				ALWAYS_EMBED_SWIFT_STANDARD_LIBRARIES = YES;
				BUNDLE_LOADER = "$(TEST_HOST)";
				CODE_SIGN_STYLE = Automatic;
				DEVELOPMENT_TEAM = 72U4LHPYPZ;
				INFOPLIST_FILE = "weather-nowTests/Info.plist";
				LD_RUNPATH_SEARCH_PATHS = (
					"$(inherited)",
					"@executable_path/Frameworks",
					"@loader_path/Frameworks",
				);
				PRODUCT_BUNDLE_IDENTIFIER = "com.vitaliikuznetsov.weather-nowTests";
				PRODUCT_NAME = "$(TARGET_NAME)";
				SWIFT_VERSION = 5.0;
				TARGETED_DEVICE_FAMILY = "1,2";
				TEST_HOST = "$(BUILT_PRODUCTS_DIR)/weather-now.app/weather-now";
			};
			name = Release;
		};
		FA06945F230EA2A000BAC336 /* Debug */ = {
			isa = XCBuildConfiguration;
			buildSettings = {
				ALWAYS_EMBED_SWIFT_STANDARD_LIBRARIES = YES;
				CODE_SIGN_STYLE = Automatic;
				DEVELOPMENT_TEAM = 72U4LHPYPZ;
				INFOPLIST_FILE = "weather-nowUITests/Info.plist";
				LD_RUNPATH_SEARCH_PATHS = (
					"$(inherited)",
					"@executable_path/Frameworks",
					"@loader_path/Frameworks",
				);
				PRODUCT_BUNDLE_IDENTIFIER = "com.vitaliikuznetsov.weather-nowUITests";
				PRODUCT_NAME = "$(TARGET_NAME)";
				SWIFT_VERSION = 5.0;
				TARGETED_DEVICE_FAMILY = "1,2";
				TEST_TARGET_NAME = "weather-now";
			};
			name = Debug;
		};
		FA069460230EA2A000BAC336 /* Release */ = {
			isa = XCBuildConfiguration;
			buildSettings = {
				ALWAYS_EMBED_SWIFT_STANDARD_LIBRARIES = YES;
				CODE_SIGN_STYLE = Automatic;
				DEVELOPMENT_TEAM = 72U4LHPYPZ;
				INFOPLIST_FILE = "weather-nowUITests/Info.plist";
				LD_RUNPATH_SEARCH_PATHS = (
					"$(inherited)",
					"@executable_path/Frameworks",
					"@loader_path/Frameworks",
				);
				PRODUCT_BUNDLE_IDENTIFIER = "com.vitaliikuznetsov.weather-nowUITests";
				PRODUCT_NAME = "$(TARGET_NAME)";
				SWIFT_VERSION = 5.0;
				TARGETED_DEVICE_FAMILY = "1,2";
				TEST_TARGET_NAME = "weather-now";
			};
			name = Release;
		};
/* End XCBuildConfiguration section */

/* Begin XCConfigurationList section */
		FA06942B230EA29F00BAC336 /* Build configuration list for PBXProject "weather-now" */ = {
			isa = XCConfigurationList;
			buildConfigurations = (
				FA069456230EA2A000BAC336 /* Debug */,
				FA069457230EA2A000BAC336 /* Release */,
			);
			defaultConfigurationIsVisible = 0;
			defaultConfigurationName = Debug;
		};
		FA069458230EA2A000BAC336 /* Build configuration list for PBXNativeTarget "weather-now" */ = {
			isa = XCConfigurationList;
			buildConfigurations = (
				FA069459230EA2A000BAC336 /* Debug */,
				FA06945A230EA2A000BAC336 /* Release */,
			);
			defaultConfigurationIsVisible = 0;
			defaultConfigurationName = Debug;
		};
		FA06945B230EA2A000BAC336 /* Build configuration list for PBXNativeTarget "weather-nowTests" */ = {
			isa = XCConfigurationList;
			buildConfigurations = (
				FA06945C230EA2A000BAC336 /* Debug */,
				FA06945D230EA2A000BAC336 /* Release */,
			);
			defaultConfigurationIsVisible = 0;
			defaultConfigurationName = Debug;
		};
		FA06945E230EA2A000BAC336 /* Build configuration list for PBXNativeTarget "weather-nowUITests" */ = {
			isa = XCConfigurationList;
			buildConfigurations = (
				FA06945F230EA2A000BAC336 /* Debug */,
				FA069460230EA2A000BAC336 /* Release */,
			);
			defaultConfigurationIsVisible = 0;
			defaultConfigurationName = Debug;
		};
/* End XCConfigurationList section */
	};
	rootObject = FA069428230EA29F00BAC336 /* Project object */;
}
